
Microsoft Visual Studio Solution File, Format Version 10.00
# Visual Studio 2008
Project("{8BC9CEB8-8B4A-11D0-8D11-00A0C91BC942}") = "KeyWordsMatch", "KeyWordsMatch\KeyWordsMatch.vcproj", "{39373143-34AC-48ED-9997-372D85EF5034}"
EndProject
Global
	GlobalSection(SolutionConfigurationPlatforms) = preSolution
		Debug|Win32 = Debug|Win32
		Release|Win32 = Release|Win32
	EndGlobalSection
	GlobalSection(ProjectConfigurationPlatforms) = postSolution
		{39373143-34AC-48ED-9997-372D85EF5034}.Debug|Win32.ActiveCfg = Debug|Win32
		{39373143-34AC-48ED-9997-372D85EF5034}.Debug|Win32.Build.0 = Debug|Win32
		{39373143-34AC-48ED-9997-372D85EF5034}.Release|Win32.ActiveCfg = Release|Win32
		{39373143-34AC-48ED-9997-372D85EF5034}.Release|Win32.Build.0 = Release|Win32
	EndGlobalSection
	GlobalSection(SolutionProperties) = preSolution
		HideSolutionNode = FALSE
	EndGlobalSection
EndGlobal
